dependencies:
- name: penpot
  repository: https://helm.penpot.app/
  version: 1.4.0
- name: postgresql
  repository: https://charts.bitnami.com/bitnami
  version: 18.7.8
- name: valkey
  repository: https://valkey.io/valkey-helm/
  version: 0.10.0
digest: sha256:ab34be27c05c1b04384b253aba192fa9573eabebe7f6a1f323a9cb2c7a06f623
generated: "2026-06-27T10:25:53.4764431+02:00"
