dependencies:
- name: penpot
  repository: https://helm.penpot.app/
  version: 1.3.0
- name: postgresql
  repository: https://charts.bitnami.com/bitnami
  version: 15.5.3
- name: valkey
  repository: https://valkey.io/valkey-helm/
  version: 0.9.3
digest: sha256:24e764d2bc5e9cef61f15e1f4f351f1028aa3700e745984c83776c740c088ecd
generated: "2026-06-12T16:02:51.3209001+02:00"
