dependencies:
- name: penpot
  repository: https://helm.penpot.app/
  version: 1.3.0
- name: postgresql
  repository: oci://registry-1.docker.io/bitnamicharts
  version: 16.0.6
- name: valkey
  repository: https://valkey.io/valkey-helm/
  version: 0.9.3
digest: sha256:a24f90c3978e8105d6c2c6a35d27097bd41c3287fec4ef69c23d60c8369e39a2
generated: "2026-06-12T14:09:24.3737733+02:00"
